
Microsoft Visual Studio Solution File, Format Version 12.00
# Visual Studio Version 17
VisualStudioVersion = 17.13.35931.197 d17.13
MinimumVisualStudioVersion = 10.0.40219.1
Project("{FAE04EC0-301F-11D3-BF4B-00C04F79EFBC}") = "OnlineMezatApp", "OnlineMezatApp\OnlineMezatApp.csproj", "{C58CCD7B-9B0A-4460-A077-4F49EA79B901}"
EndProject
Global
	GlobalSection(SolutionConfigurationPlatforms) = preSolution
		Debug|Any CPU = Debug|Any CPU
		Release|Any CPU = Release|Any CPU
	EndGlobalSection
	GlobalSection(ProjectConfigurationPlatforms) = postSolution
		{C58CCD7B-9B0A-4460-A077-4F49EA79B901}.Debug|Any CPU.ActiveCfg = Debug|Any CPU
		{C58CCD7B-9B0A-4460-A077-4F49EA79B901}.Debug|Any CPU.Build.0 = Debug|Any CPU
		{C58CCD7B-9B0A-4460-A077-4F49EA79B901}.Release|Any CPU.ActiveCfg = Release|Any CPU
		{C58CCD7B-9B0A-4460-A077-4F49EA79B901}.Release|Any CPU.Build.0 = Release|Any CPU
	EndGlobalSection
	GlobalSection(SolutionProperties) = preSolution
		HideSolutionNode = FALSE
	EndGlobalSection
	GlobalSection(ExtensibilityGlobals) = postSolution
		SolutionGuid = {8F1963DB-AEE6-4FC6-9176-0FE44CD4A20A}
	EndGlobalSection
EndGlobal
